
Microsoft Visual Studio Solution File, Format Version 12.00
# Visual Studio Version 16
VisualStudioVersion = 16.0.29519.87
MinimumVisualStudioVersion = 10.0.40219.1
Project("{FAE04EC0-301F-11D3-BF4B-00C04F79EFBC}") = "Graph", "Graph.csproj", "{4E70BEE0-D4DD-4D4B-BA3B-3ABD60387656}"
EndProject
Global
	GlobalSection(SolutionConfigurationPlatforms) = preSolution
		Debug|Any CPU = Debug|Any CPU
		Release|Any CPU = Release|Any CPU
	EndGlobalSection
	GlobalSection(ProjectConfigurationPlatforms) = postSolution
		{4E70BEE0-D4DD-4D4B-BA3B-3ABD60387656}.Debug|Any CPU.ActiveCfg = Debug|Any CPU
		{4E70BEE0-D4DD-4D4B-BA3B-3ABD60387656}.Debug|Any CPU.Build.0 = Debug|Any CPU
		{4E70BEE0-D4DD-4D4B-BA3B-3ABD60387656}.Release|Any CPU.ActiveCfg = Release|Any CPU
		{4E70BEE0-D4DD-4D4B-BA3B-3ABD60387656}.Release|Any CPU.Build.0 = Release|Any CPU
	EndGlobalSection
	GlobalSection(SolutionProperties) = preSolution
		HideSolutionNode = FALSE
	EndGlobalSection
	GlobalSection(ExtensibilityGlobals) = postSolution
		SolutionGuid = {F8E15E4A-E191-4CC3-8158-CE59FD8A1960}
	EndGlobalSection
EndGlobal
